
Microsoft Visual Studio Solution File, Format Version 12.00
# Visual Studio Version 17
VisualStudioVersion = 17.9.34616.47
MinimumVisualStudioVersion = 10.0.40219.1
Project("{888888A0-9F3D-457C-B088-3A5042F75D52}") = "InClass20240924", "InClass20240924\InClass20240924.pyproj", "{6C40BDA6-A4E5-4F23-80D9-6F1A648A5BB2}"
EndProject
Global
	GlobalSection(SolutionConfigurationPlatforms) = preSolution
		Debug|Any CPU = Debug|Any CPU
		Release|Any CPU = Release|Any CPU
	EndGlobalSection
	GlobalSection(ProjectConfigurationPlatforms) = postSolution
		{6C40BDA6-A4E5-4F23-80D9-6F1A648A5BB2}.Debug|Any CPU.ActiveCfg = Debug|Any CPU
		{6C40BDA6-A4E5-4F23-80D9-6F1A648A5BB2}.Release|Any CPU.ActiveCfg = Release|Any CPU
	EndGlobalSection
	GlobalSection(SolutionProperties) = preSolution
		HideSolutionNode = FALSE
	EndGlobalSection
	GlobalSection(ExtensibilityGlobals) = postSolution
		SolutionGuid = {39011B84-F543-4D28-9270-C007CAC9166F}
	EndGlobalSection
EndGlobal
